Microsoft Visual Studio Solution File, Format Version 12.00
# Visual Studio Version 16
VisualStudioVersion = 16.0.29920.165
MinimumVisualStudioVersion = 15.0.26124.0
Project("{D954291E-2A0B-460D-934E-DC6B0785DB48}") = "SimpleWinUICalculator.Shared", "SimpleWinUICalculator.Shared\SimpleWinUICalculator.Shared.shproj", "{6279C845-92F8-4333-AB99-3D213163593C}"
EndProject
Project("{FAE04EC0-301F-11D3-BF4B-00C04F79EFBC}") = "SimpleWinUICalculator.Droid", "SimpleWinUICalculator.Droid\SimpleWinUICalculator.Droid.csproj", "{00866792-14AB-419C-B5A9-6CB135062F6C}"
EndProject
Project("{FAE04EC0-301F-11D3-BF4B-00C04F79EFBC}") = "SimpleWinUICalculator.iOS", "SimpleWinUICalculator.iOS\SimpleWinUICalculator.iOS.csproj", "{3521006B-5D3D-4CF0-8A96-15EA7F36AEC4}"
EndProject
Project("{FAE04EC0-301F-11D3-BF4B-00C04F79EFBC}") = "SimpleWinUICalculator.Uwp", "SimpleWinUICalculator.UWP\SimpleWinUICalculator.Uwp.csproj", "{FBD7DA09-FE44-4460-8F32-DC2CC4557C0F}"
EndProject
Project("{9A19103F-16F7-4668-BE54-9A1E7A4F7556}") = "SimpleWinUICalculator.Wasm", "SimpleWinUICalculator.Wasm\SimpleWinUICalculator.Wasm.csproj", "{40EA03F7-8A22-4143-B251-79BAC3EB13D2}"
EndProject
Project("{FAE04EC0-301F-11D3-BF4B-00C04F79EFBC}") = "SimpleWinUICalculator.macOS", "SimpleWinUICalculator.macOS\SimpleWinUICalculator.macOS.csproj", "{38E429FE-9BA6-4214-A85B-07DC960D5A2E}"
EndProject
Project("{9A19103F-16F7-4668-BE54-9A1E7A4F7556}") = "SimpleWinUICalculator.Skia.Gtk", "SimpleWinUICalculator.Skia.Gtk\SimpleWinUICalculator.Skia.Gtk.csproj", "{A5B8155A-118F-4794-B551-C6F3CF7E5411}"
EndProject
Project("{9A19103F-16F7-4668-BE54-9A1E7A4F7556}") = "SimpleWinUICalculator.Skia.WPF", "SimpleWinUICalculator.Skia.WPF\SimpleWinUICalculator.Skia.WPF.csproj", "{F259E61C-0E88-4DD5-A10C-E4873D601BC6}"
EndProject
Project("{9A19103F-16F7-4668-BE54-9A1E7A4F7556}") = "SimpleWinUICalculator.Skia.Wpf.Host", "SimpleWinUICalculator.Skia.WPF.Host\SimpleWinUICalculator.Skia.Wpf.Host.csproj", "{6CF284A4-22B1-4F05-97F4-F095C07A598E}"
EndProject
Project("{9A19103F-16F7-4668-BE54-9A1E7A4F7556}") = "SimpleWinUICalculator.Windows.Desktop", "SimpleWinUICalculator.Windows.Desktop\SimpleWinUICalculator.Windows.Desktop.csproj", "{1AA13270-F438-4864-9435-54FD806E10EA}"
EndProject
Project("{C7167F0D-BC9F-4E6E-AFE1-012C56B48DB5}") = "SimpleWinUICalculator.Windows.Package", "SimpleWinUICalculator.Windows.Package\SimpleWinUICalculator.Windows.Package.wapproj", "{AF02A1D7-4250-4852-A57B-C462F8AA85E0}"
EndProject
Global
	GlobalSection(SharedMSBuildProjectFiles) = preSolution
		SimpleWinUICalculator.Shared\SimpleWinUICalculator.Shared.projitems*{00866792-14ab-419c-b5a9-6cb135062f6c}*SharedItemsImports = 4
		SimpleWinUICalculator.Shared\SimpleWinUICalculator.Shared.projitems*{1aa13270-f438-4864-9435-54fd806e10ea}*SharedItemsImports = 5
		SimpleWinUICalculator.Shared\SimpleWinUICalculator.Shared.projitems*{3521006b-5d3d-4cf0-8a96-15ea7f36aec4}*SharedItemsImports = 4
		SimpleWinUICalculator.Shared\SimpleWinUICalculator.Shared.projitems*{38e429fe-9ba6-4214-a85b-07dc960d5a2e}*SharedItemsImports = 4
		SimpleWinUICalculator.Shared\SimpleWinUICalculator.Shared.projitems*{40ea03f7-8a22-4143-b251-79bac3eb13d2}*SharedItemsImports = 5
		SimpleWinUICalculator.Shared\SimpleWinUICalculator.Shared.projitems*{6279c845-92f8-4333-ab99-3d213163593c}*SharedItemsImports = 13
		SimpleWinUICalculator.Shared\SimpleWinUICalculator.Shared.projitems*{a5b8155a-118f-4794-b551-c6f3cf7e5411}*SharedItemsImports = 5
		SimpleWinUICalculator.Shared\SimpleWinUICalculator.Shared.projitems*{f259e61c-0e88-4dd5-a10c-e4873d601bc6}*SharedItemsImports = 5
		SimpleWinUICalculator.Shared\SimpleWinUICalculator.Shared.projitems*{fbd7da09-fe44-4460-8f32-dc2cc4557c0f}*SharedItemsImports = 4
	EndGlobalSection
	GlobalSection(SolutionConfigurationPlatforms) = preSolution
		Debug|Any CPU = Debug|Any CPU
		Debug|ARM = Debug|ARM
		Debug|ARM64 = Debug|ARM64
		Debug|iPhone = Debug|iPhone
		Debug|iPhoneSimulator = Debug|iPhoneSimulator
		Debug|x64 = Debug|x64
		Debug|x86 = Debug|x86
		Release|Any CPU = Release|Any CPU
		Release|ARM = Release|ARM
		Release|ARM64 = Release|ARM64
		Release|iPhone = Release|iPhone
		Release|iPhoneSimulator = Release|iPhoneSimulator
		Release|x64 = Release|x64
		Release|x86 = Release|x86
	EndGlobalSection
	GlobalSection(ProjectConfigurationPlatforms) = postSolution
		{00866792-14AB-419C-B5A9-6CB135062F6C}.Debug|Any CPU.ActiveCfg = Debug|Any CPU
		{00866792-14AB-419C-B5A9-6CB135062F6C}.Debug|Any CPU.Build.0 = Debug|Any CPU
		{00866792-14AB-419C-B5A9-6CB135062F6C}.Debug|Any CPU.Deploy.0 = Debug|Any CPU
		{00866792-14AB-419C-B5A9-6CB135062F6C}.Debug|ARM.ActiveCfg = Debug|Any CPU
		{00866792-14AB-419C-B5A9-6CB135062F6C}.Debug|ARM.Build.0 = Debug|Any CPU
		{00866792-14AB-419C-B5A9-6CB135062F6C}.Debug|ARM.Deploy.0 = Debug|Any CPU
		{00866792-14AB-419C-B5A9-6CB135062F6C}.Debug|ARM64.ActiveCfg = Debug|Any CPU
		{00866792-14AB-419C-B5A9-6CB135062F6C}.Debug|ARM64.Build.0 = Debug|Any CPU
		{00866792-14AB-419C-B5A9-6CB135062F6C}.Debug|ARM64.Deploy.0 = Debug|Any CPU
		{00866792-14AB-419C-B5A9-6CB135062F6C}.Debug|iPhone.ActiveCfg = Debug|Any CPU
		{00866792-14AB-419C-B5A9-6CB135062F6C}.Debug|iPhone.Build.0 = Debug|Any CPU
		{00866792-14AB-419C-B5A9-6CB135062F6C}.Debug|iPhone.Deploy.0 = Debug|Any CPU
		{00866792-14AB-419C-B5A9-6CB135062F6C}.Debug|iPhoneSimulator.ActiveCfg = Debug|Any CPU
		{00866792-14AB-419C-B5A9-6CB135062F6C}.Debug|iPhoneSimulator.Build.0 = Debug|Any CPU
		{00866792-14AB-419C-B5A9-6CB135062F6C}.Debug|iPhoneSimulator.Deploy.0 = Debug|Any CPU
		{00866792-14AB-419C-B5A9-6CB135062F6C}.Debug|x64.ActiveCfg = Debug|Any CPU
		{00866792-14AB-419C-B5A9-6CB135062F6C}.Debug|x64.Build.0 = Debug|Any CPU
		{00866792-14AB-419C-B5A9-6CB135062F6C}.Debug|x64.Deploy.0 = Debug|Any CPU
		{00866792-14AB-419C-B5A9-6CB135062F6C}.Debug|x86.ActiveCfg = Debug|Any CPU
		{00866792-14AB-419C-B5A9-6CB135062F6C}.Debug|x86.Build.0 = Debug|Any CPU
		{00866792-14AB-419C-B5A9-6CB135062F6C}.Debug|x86.Deploy.0 = Debug|Any CPU
		{00866792-14AB-419C-B5A9-6CB135062F6C}.Release|Any CPU.ActiveCfg = Release|Any CPU
		{00866792-14AB-419C-B5A9-6CB135062F6C}.Release|Any CPU.Build.0 = Release|Any CPU
		{00866792-14AB-419C-B5A9-6CB135062F6C}.Release|Any CPU.Deploy.0 = Release|Any CPU
		{00866792-14AB-419C-B5A9-6CB135062F6C}.Release|ARM.ActiveCfg = Release|Any CPU
		{00866792-14AB-419C-B5A9-6CB135062F6C}.Release|ARM.Build.0 = Release|Any CPU
		{00866792-14AB-419C-B5A9-6CB135062F6C}.Release|ARM.Deploy.0 = Release|Any CPU
		{00866792-14AB-419C-B5A9-6CB135062F6C}.Release|ARM64.ActiveCfg = Release|Any CPU
		{00866792-14AB-419C-B5A9-6CB135062F6C}.Release|ARM64.Build.0 = Release|Any CPU
		{00866792-14AB-419C-B5A9-6CB135062F6C}.Release|ARM64.Deploy.0 = Release|Any CPU
		{00866792-14AB-419C-B5A9-6CB135062F6C}.Release|iPhone.ActiveCfg = Release|Any CPU
		{00866792-14AB-419C-B5A9-6CB135062F6C}.Release|iPhone.Build.0 = Release|Any CPU
		{00866792-14AB-419C-B5A9-6CB135062F6C}.Release|iPhone.Deploy.0 = Release|Any CPU
		{00866792-14AB-419C-B5A9-6CB135062F6C}.Release|iPhoneSimulator.ActiveCfg = Release|Any CPU
		{00866792-14AB-419C-B5A9-6CB135062F6C}.Release|iPhoneSimulator.Build.0 = Release|Any CPU
		{00866792-14AB-419C-B5A9-6CB135062F6C}.Release|iPhoneSimulator.Deploy.0 = Release|Any CPU
		{00866792-14AB-419C-B5A9-6CB135062F6C}.Release|x64.ActiveCfg = Release|Any CPU
		{00866792-14AB-419C-B5A9-6CB135062F6C}.Release|x64.Build.0 = Release|Any CPU
		{00866792-14AB-419C-B5A9-6CB135062F6C}.Release|x64.Deploy.0 = Release|Any CPU
		{00866792-14AB-419C-B5A9-6CB135062F6C}.Release|x86.ActiveCfg = Release|Any CPU
		{00866792-14AB-419C-B5A9-6CB135062F6C}.Release|x86.Build.0 = Release|Any CPU
		{00866792-14AB-419C-B5A9-6CB135062F6C}.Release|x86.Deploy.0 = Release|Any CPU
		{3521006B-5D3D-4CF0-8A96-15EA7F36AEC4}.Debug|Any CPU.ActiveCfg = Debug|iPhone
		{3521006B-5D3D-4CF0-8A96-15EA7F36AEC4}.Debug|Any CPU.Build.0 = Debug|iPhone
		{3521006B-5D3D-4CF0-8A96-15EA7F36AEC4}.Debug|Any CPU.Deploy.0 = Debug|iPhone
		{3521006B-5D3D-4CF0-8A96-15EA7F36AEC4}.Debug|ARM.ActiveCfg = Debug|iPhone
		{3521006B-5D3D-4CF0-8A96-15EA7F36AEC4}.Debug|ARM64.ActiveCfg = Debug|iPhone
		{3521006B-5D3D-4CF0-8A96-15EA7F36AEC4}.Debug|iPhone.ActiveCfg = Debug|iPhone
		{3521006B-5D3D-4CF0-8A96-15EA7F36AEC4}.Debug|iPhone.Build.0 = Debug|iPhone
		{3521006B-5D3D-4CF0-8A96-15EA7F36AEC4}.Debug|iPhoneSimulator.ActiveCfg = Debug|iPhoneSimulator
		{3521006B-5D3D-4CF0-8A96-15EA7F36AEC4}.Debug|iPhoneSimulator.Build.0 = Debug|iPhoneSimulator
		{3521006B-5D3D-4CF0-8A96-15EA7F36AEC4}.Debug|x64.ActiveCfg = Debug|iPhone
		{3521006B-5D3D-4CF0-8A96-15EA7F36AEC4}.Debug|x64.Build.0 = Debug|iPhone
		{3521006B-5D3D-4CF0-8A96-15EA7F36AEC4}.Debug|x64.Deploy.0 = Debug|iPhone
		{3521006B-5D3D-4CF0-8A96-15EA7F36AEC4}.Debug|x86.ActiveCfg = Debug|iPhoneSimulator
		{3521006B-5D3D-4CF0-8A96-15EA7F36AEC4}.Debug|x86.Build.0 = Debug|iPhoneSimulator
		{3521006B-5D3D-4CF0-8A96-15EA7F36AEC4}.Debug|x86.Deploy.0 = Debug|iPhoneSimulator
		{3521006B-5D3D-4CF0-8A96-15EA7F36AEC4}.Release|Any CPU.ActiveCfg = Release|iPhone
		{3521006B-5D3D-4CF0-8A96-15EA7F36AEC4}.Release|ARM.ActiveCfg = Release|iPhone
		{3521006B-5D3D-4CF0-8A96-15EA7F36AEC4}.Release|ARM64.ActiveCfg = Release|iPhone
		{3521006B-5D3D-4CF0-8A96-15EA7F36AEC4}.Release|iPhone.ActiveCfg = Release|iPhone
		{3521006B-5D3D-4CF0-8A96-15EA7F36AEC4}.Release|iPhone.Build.0 = Release|iPhone
		{3521006B-5D3D-4CF0-8A96-15EA7F36AEC4}.Release|iPhoneSimulator.ActiveCfg = Release|iPhoneSimulator
		{3521006B-5D3D-4CF0-8A96-15EA7F36AEC4}.Release|iPhoneSimulator.Build.0 = Release|iPhoneSimulator
		{3521006B-5D3D-4CF0-8A96-15EA7F36AEC4}.Release|x64.ActiveCfg = Release|iPhoneSimulator
		{3521006B-5D3D-4CF0-8A96-15EA7F36AEC4}.Release|x64.Build.0 = Release|iPhoneSimulator
		{3521006B-5D3D-4CF0-8A96-15EA7F36AEC4}.Release|x64.Deploy.0 = Release|iPhoneSimulator
		{3521006B-5D3D-4CF0-8A96-15EA7F36AEC4}.Release|x86.ActiveCfg = Release|iPhoneSimulator
		{3521006B-5D3D-4CF0-8A96-15EA7F36AEC4}.Release|x86.Build.0 = Release|iPhoneSimulator
		{FBD7DA09-FE44-4460-8F32-DC2CC4557C0F}.Debug|Any CPU.ActiveCfg = Debug|x86
		{FBD7DA09-FE44-4460-8F32-DC2CC4557C0F}.Debug|Any CPU.Build.0 = Debug|x86
		{FBD7DA09-FE44-4460-8F32-DC2CC4557C0F}.Debug|Any CPU.Deploy.0 = Debug|x86
		{FBD7DA09-FE44-4460-8F32-DC2CC4557C0F}.Debug|ARM.ActiveCfg = Debug|ARM
		{FBD7DA09-FE44-4460-8F32-DC2CC4557C0F}.Debug|ARM.Build.0 = Debug|ARM
		{FBD7DA09-FE44-4460-8F32-DC2CC4557C0F}.Debug|ARM.Deploy.0 = Debug|ARM
		{FBD7DA09-FE44-4460-8F32-DC2CC4557C0F}.Debug|ARM64.ActiveCfg = Debug|ARM64
		{FBD7DA09-FE44-4460-8F32-DC2CC4557C0F}.Debug|ARM64.Build.0 = Debug|ARM64
		{FBD7DA09-FE44-4460-8F32-DC2CC4557C0F}.Debug|ARM64.Deploy.0 = Debug|ARM64
		{FBD7DA09-FE44-4460-8F32-DC2CC4557C0F}.Debug|iPhone.ActiveCfg = Debug|x86
		{FBD7DA09-FE44-4460-8F32-DC2CC4557C0F}.Debug|iPhone.Build.0 = Debug|x86
		{FBD7DA09-FE44-4460-8F32-DC2CC4557C0F}.Debug|iPhone.Deploy.0 = Debug|x86
		{FBD7DA09-FE44-4460-8F32-DC2CC4557C0F}.Debug|iPhoneSimulator.ActiveCfg = Debug|x86
		{FBD7DA09-FE44-4460-8F32-DC2CC4557C0F}.Debug|iPhoneSimulator.Build.0 = Debug|x86
		{FBD7DA09-FE44-4460-8F32-DC2CC4557C0F}.Debug|iPhoneSimulator.Deploy.0 = Debug|x86
		{FBD7DA09-FE44-4460-8F32-DC2CC4557C0F}.Debug|x64.ActiveCfg = Debug|x64
		{FBD7DA09-FE44-4460-8F32-DC2CC4557C0F}.Debug|x64.Build.0 = Debug|x64
		{FBD7DA09-FE44-4460-8F32-DC2CC4557C0F}.Debug|x64.Deploy.0 = Debug|x64
		{FBD7DA09-FE44-4460-8F32-DC2CC4557C0F}.Debug|x86.ActiveCfg = Debug|x86
		{FBD7DA09-FE44-4460-8F32-DC2CC4557C0F}.Debug|x86.Build.0 = Debug|x86
		{FBD7DA09-FE44-4460-8F32-DC2CC4557C0F}.Debug|x86.Deploy.0 = Debug|x86
		{FBD7DA09-FE44-4460-8F32-DC2CC4557C0F}.Release|Any CPU.ActiveCfg = Release|x86
		{FBD7DA09-FE44-4460-8F32-DC2CC4557C0F}.Release|ARM.ActiveCfg = Release|ARM
		{FBD7DA09-FE44-4460-8F32-DC2CC4557C0F}.Release|ARM.Build.0 = Release|ARM
		{FBD7DA09-FE44-4460-8F32-DC2CC4557C0F}.Release|ARM.Deploy.0 = Release|ARM
		{FBD7DA09-FE44-4460-8F32-DC2CC4557C0F}.Release|ARM64.ActiveCfg = Release|ARM64
		{FBD7DA09-FE44-4460-8F32-DC2CC4557C0F}.Release|ARM64.Build.0 = Release|ARM64
		{FBD7DA09-FE44-4460-8F32-DC2CC4557C0F}.Release|ARM64.Deploy.0 = Release|ARM64
		{FBD7DA09-FE44-4460-8F32-DC2CC4557C0F}.Release|iPhone.ActiveCfg = Release|x86
		{FBD7DA09-FE44-4460-8F32-DC2CC4557C0F}.Release|iPhone.Build.0 = Release|x86
		{FBD7DA09-FE44-4460-8F32-DC2CC4557C0F}.Release|iPhoneSimulator.ActiveCfg = Release|x86
		{FBD7DA09-FE44-4460-8F32-DC2CC4557C0F}.Release|iPhoneSimulator.Build.0 = Release|x86
		{FBD7DA09-FE44-4460-8F32-DC2CC4557C0F}.Release|iPhoneSimulator.Deploy.0 = Release|x86
		{FBD7DA09-FE44-4460-8F32-DC2CC4557C0F}.Release|x64.ActiveCfg = Release|x64
		{FBD7DA09-FE44-4460-8F32-DC2CC4557C0F}.Release|x64.Build.0 = Release|x64
		{FBD7DA09-FE44-4460-8F32-DC2CC4557C0F}.Release|x64.Deploy.0 = Release|x64
		{FBD7DA09-FE44-4460-8F32-DC2CC4557C0F}.Release|x86.ActiveCfg = Release|x86
		{FBD7DA09-FE44-4460-8F32-DC2CC4557C0F}.Release|x86.Build.0 = Release|x86
		{FBD7DA09-FE44-4460-8F32-DC2CC4557C0F}.Release|x86.Deploy.0 = Release|x86
		{40EA03F7-8A22-4143-B251-79BAC3EB13D2}.Debug|Any CPU.ActiveCfg = Debug|Any CPU
		{40EA03F7-8A22-4143-B251-79BAC3EB13D2}.Debug|Any CPU.Build.0 = Debug|Any CPU
		{40EA03F7-8A22-4143-B251-79BAC3EB13D2}.Debug|ARM.ActiveCfg = Debug|Any CPU
		{40EA03F7-8A22-4143-B251-79BAC3EB13D2}.Debug|ARM.Build.0 = Debug|Any CPU
		{40EA03F7-8A22-4143-B251-79BAC3EB13D2}.Debug|ARM64.ActiveCfg = Debug|Any CPU
		{40EA03F7-8A22-4143-B251-79BAC3EB13D2}.Debug|ARM64.Build.0 = Debug|Any CPU
		{40EA03F7-8A22-4143-B251-79BAC3EB13D2}.Debug|iPhone.ActiveCfg = Debug|Any CPU
		{40EA03F7-8A22-4143-B251-79BAC3EB13D2}.Debug|iPhone.Build.0 = Debug|Any CPU
		{40EA03F7-8A22-4143-B251-79BAC3EB13D2}.Debug|iPhoneSimulator.ActiveCfg = Debug|Any CPU
		{40EA03F7-8A22-4143-B251-79BAC3EB13D2}.Debug|iPhoneSimulator.Build.0 = Debug|Any CPU
		{40EA03F7-8A22-4143-B251-79BAC3EB13D2}.Debug|x64.ActiveCfg = Debug|Any CPU
		{40EA03F7-8A22-4143-B251-79BAC3EB13D2}.Debug|x64.Build.0 = Debug|Any CPU
		{40EA03F7-8A22-4143-B251-79BAC3EB13D2}.Debug|x86.ActiveCfg = Debug|Any CPU
		{40EA03F7-8A22-4143-B251-79BAC3EB13D2}.Debug|x86.Build.0 = Debug|Any CPU
		{40EA03F7-8A22-4143-B251-79BAC3EB13D2}.Release|Any CPU.ActiveCfg = Release|Any CPU
		{40EA03F7-8A22-4143-B251-79BAC3EB13D2}.Release|Any CPU.Build.0 = Release|Any CPU
		{40EA03F7-8A22-4143-B251-79BAC3EB13D2}.Release|ARM.ActiveCfg = Release|Any CPU
		{40EA03F7-8A22-4143-B251-79BAC3EB13D2}.Release|ARM.Build.0 = Release|Any CPU
		{40EA03F7-8A22-4143-B251-79BAC3EB13D2}.Release|ARM64.ActiveCfg = Release|Any CPU
		{40EA03F7-8A22-4143-B251-79BAC3EB13D2}.Release|ARM64.Build.0 = Release|Any CPU
		{40EA03F7-8A22-4143-B251-79BAC3EB13D2}.Release|iPhone.ActiveCfg = Release|Any CPU
		{40EA03F7-8A22-4143-B251-79BAC3EB13D2}.Release|iPhone.Build.0 = Release|Any CPU
		{40EA03F7-8A22-4143-B251-79BAC3EB13D2}.Release|iPhoneSimulator.ActiveCfg = Release|Any CPU
		{40EA03F7-8A22-4143-B251-79BAC3EB13D2}.Release|iPhoneSimulator.Build.0 = Release|Any CPU
		{40EA03F7-8A22-4143-B251-79BAC3EB13D2}.Release|x64.ActiveCfg = Release|Any CPU
		{40EA03F7-8A22-4143-B251-79BAC3EB13D2}.Release|x64.Build.0 = Release|Any CPU
		{40EA03F7-8A22-4143-B251-79BAC3EB13D2}.Release|x86.ActiveCfg = Release|Any CPU
		{40EA03F7-8A22-4143-B251-79BAC3EB13D2}.Release|x86.Build.0 = Release|Any CPU
		{38E429FE-9BA6-4214-A85B-07DC960D5A2E}.Debug|Any CPU.ActiveCfg = Debug|iPhoneSimulator
		{38E429FE-9BA6-4214-A85B-07DC960D5A2E}.Debug|Any CPU.Build.0 = Debug|iPhoneSimulator
		{38E429FE-9BA6-4214-A85B-07DC960D5A2E}.Debug|ARM.ActiveCfg = Debug|iPhoneSimulator
		{38E429FE-9BA6-4214-A85B-07DC960D5A2E}.Debug|ARM64.ActiveCfg = Debug|iPhoneSimulator
		{38E429FE-9BA6-4214-A85B-07DC960D5A2E}.Debug|iPhone.ActiveCfg = Debug|iPhoneSimulator
		{38E429FE-9BA6-4214-A85B-07DC960D5A2E}.Debug|iPhone.Build.0 = Debug|iPhoneSimulator
		{38E429FE-9BA6-4214-A85B-07DC960D5A2E}.Debug|iPhoneSimulator.ActiveCfg = Debug|iPhoneSimulator
		{38E429FE-9BA6-4214-A85B-07DC960D5A2E}.Debug|iPhoneSimulator.Build.0 = Debug|iPhoneSimulator
		{38E429FE-9BA6-4214-A85B-07DC960D5A2E}.Debug|x64.ActiveCfg = Debug|iPhoneSimulator
		{38E429FE-9BA6-4214-A85B-07DC960D5A2E}.Debug|x64.Build.0 = Debug|iPhoneSimulator
		{38E429FE-9BA6-4214-A85B-07DC960D5A2E}.Debug|x86.ActiveCfg = Debug|iPhoneSimulator
		{38E429FE-9BA6-4214-A85B-07DC960D5A2E}.Debug|x86.Build.0 = Debug|iPhoneSimulator
		{38E429FE-9BA6-4214-A85B-07DC960D5A2E}.Release|Any CPU.ActiveCfg = Release|iPhoneSimulator
		{38E429FE-9BA6-4214-A85B-07DC960D5A2E}.Release|ARM.ActiveCfg = Release|iPhoneSimulator
		{38E429FE-9BA6-4214-A85B-07DC960D5A2E}.Release|ARM64.ActiveCfg = Release|iPhoneSimulator
		{38E429FE-9BA6-4214-A85B-07DC960D5A2E}.Release|iPhone.ActiveCfg = Release|iPhoneSimulator
		{38E429FE-9BA6-4214-A85B-07DC960D5A2E}.Release|iPhone.Build.0 = Release|iPhoneSimulator
		{38E429FE-9BA6-4214-A85B-07DC960D5A2E}.Release|iPhoneSimulator.ActiveCfg = Release|iPhoneSimulator
		{38E429FE-9BA6-4214-A85B-07DC960D5A2E}.Release|iPhoneSimulator.Build.0 = Release|iPhoneSimulator
		{38E429FE-9BA6-4214-A85B-07DC960D5A2E}.Release|x64.ActiveCfg = Release|iPhoneSimulator
		{38E429FE-9BA6-4214-A85B-07DC960D5A2E}.Release|x64.Build.0 = Release|iPhoneSimulator
		{38E429FE-9BA6-4214-A85B-07DC960D5A2E}.Release|x86.ActiveCfg = Release|iPhoneSimulator
		{38E429FE-9BA6-4214-A85B-07DC960D5A2E}.Release|x86.Build.0 = Release|iPhoneSimulator
		{A5B8155A-118F-4794-B551-C6F3CF7E5411}.Debug|Any CPU.ActiveCfg = Debug|Any CPU
		{A5B8155A-118F-4794-B551-C6F3CF7E5411}.Debug|Any CPU.Build.0 = Debug|Any CPU
		{A5B8155A-118F-4794-B551-C6F3CF7E5411}.Debug|ARM.ActiveCfg = Debug|Any CPU
		{A5B8155A-118F-4794-B551-C6F3CF7E5411}.Debug|ARM.Build.0 = Debug|Any CPU
		{A5B8155A-118F-4794-B551-C6F3CF7E5411}.Debug|ARM64.ActiveCfg = Debug|Any CPU
		{A5B8155A-118F-4794-B551-C6F3CF7E5411}.Debug|ARM64.Build.0 = Debug|Any CPU
		{A5B8155A-118F-4794-B551-C6F3CF7E5411}.Debug|iPhone.ActiveCfg = Debug|Any CPU
		{A5B8155A-118F-4794-B551-C6F3CF7E5411}.Debug|iPhone.Build.0 = Debug|Any CPU
		{A5B8155A-118F-4794-B551-C6F3CF7E5411}.Debug|iPhoneSimulator.ActiveCfg = Debug|Any CPU
		{A5B8155A-118F-4794-B551-C6F3CF7E5411}.Debug|iPhoneSimulator.Build.0 = Debug|Any CPU
		{A5B8155A-118F-4794-B551-C6F3CF7E5411}.Debug|x64.ActiveCfg = Debug|Any CPU
		{A5B8155A-118F-4794-B551-C6F3CF7E5411}.Debug|x64.Build.0 = Debug|Any CPU
		{A5B8155A-118F-4794-B551-C6F3CF7E5411}.Debug|x86.ActiveCfg = Debug|Any CPU
		{A5B8155A-118F-4794-B551-C6F3CF7E5411}.Debug|x86.Build.0 = Debug|Any CPU
		{A5B8155A-118F-4794-B551-C6F3CF7E5411}.Release|Any CPU.ActiveCfg = Release|Any CPU
		{A5B8155A-118F-4794-B551-C6F3CF7E5411}.Release|Any CPU.Build.0 = Release|Any CPU
		{A5B8155A-118F-4794-B551-C6F3CF7E5411}.Release|ARM.ActiveCfg = Release|Any CPU
		{A5B8155A-118F-4794-B551-C6F3CF7E5411}.Release|ARM.Build.0 = Release|Any CPU
		{A5B8155A-118F-4794-B551-C6F3CF7E5411}.Release|ARM64.ActiveCfg = Release|Any CPU
		{A5B8155A-118F-4794-B551-C6F3CF7E5411}.Release|ARM64.Build.0 = Release|Any CPU
		{A5B8155A-118F-4794-B551-C6F3CF7E5411}.Release|iPhone.ActiveCfg = Release|Any CPU
		{A5B8155A-118F-4794-B551-C6F3CF7E5411}.Release|iPhone.Build.0 = Release|Any CPU
		{A5B8155A-118F-4794-B551-C6F3CF7E5411}.Release|iPhoneSimulator.ActiveCfg = Release|Any CPU
		{A5B8155A-118F-4794-B551-C6F3CF7E5411}.Release|iPhoneSimulator.Build.0 = Release|Any CPU
		{A5B8155A-118F-4794-B551-C6F3CF7E5411}.Release|x64.ActiveCfg = Release|Any CPU
		{A5B8155A-118F-4794-B551-C6F3CF7E5411}.Release|x64.Build.0 = Release|Any CPU
		{A5B8155A-118F-4794-B551-C6F3CF7E5411}.Release|x86.ActiveCfg = Release|Any CPU
		{A5B8155A-118F-4794-B551-C6F3CF7E5411}.Release|x86.Build.0 = Release|Any CPU
		{F259E61C-0E88-4DD5-A10C-E4873D601BC6}.Debug|Any CPU.ActiveCfg = Debug|Any CPU
		{F259E61C-0E88-4DD5-A10C-E4873D601BC6}.Debug|Any CPU.Build.0 = Debug|Any CPU
		{F259E61C-0E88-4DD5-A10C-E4873D601BC6}.Debug|Any CPU.Deploy.0 = Debug|Any CPU
		{F259E61C-0E88-4DD5-A10C-E4873D601BC6}.Debug|ARM.ActiveCfg = Debug|Any CPU
		{F259E61C-0E88-4DD5-A10C-E4873D601BC6}.Debug|ARM.Build.0 = Debug|Any CPU
		{F259E61C-0E88-4DD5-A10C-E4873D601BC6}.Debug|ARM.Deploy.0 = Debug|Any CPU
		{F259E61C-0E88-4DD5-A10C-E4873D601BC6}.Debug|ARM64.ActiveCfg = Debug|Any CPU
		{F259E61C-0E88-4DD5-A10C-E4873D601BC6}.Debug|ARM64.Build.0 = Debug|Any CPU
		{F259E61C-0E88-4DD5-A10C-E4873D601BC6}.Debug|ARM64.Deploy.0 = Debug|Any CPU
		{F259E61C-0E88-4DD5-A10C-E4873D601BC6}.Debug|iPhone.ActiveCfg = Debug|Any CPU
		{F259E61C-0E88-4DD5-A10C-E4873D601BC6}.Debug|iPhone.Build.0 = Debug|Any CPU
		{F259E61C-0E88-4DD5-A10C-E4873D601BC6}.Debug|iPhone.Deploy.0 = Debug|Any CPU
		{F259E61C-0E88-4DD5-A10C-E4873D601BC6}.Debug|iPhoneSimulator.ActiveCfg = Debug|Any CPU
		{F259E61C-0E88-4DD5-A10C-E4873D601BC6}.Debug|iPhoneSimulator.Build.0 = Debug|Any CPU
		{F259E61C-0E88-4DD5-A10C-E4873D601BC6}.Debug|iPhoneSimulator.Deploy.0 = Debug|Any CPU
		{F259E61C-0E88-4DD5-A10C-E4873D601BC6}.Debug|x64.ActiveCfg = Debug|Any CPU
		{F259E61C-0E88-4DD5-A10C-E4873D601BC6}.Debug|x64.Build.0 = Debug|Any CPU
		{F259E61C-0E88-4DD5-A10C-E4873D601BC6}.Debug|x64.Deploy.0 = Debug|Any CPU
		{F259E61C-0E88-4DD5-A10C-E4873D601BC6}.Debug|x86.ActiveCfg = Debug|Any CPU
		{F259E61C-0E88-4DD5-A10C-E4873D601BC6}.Debug|x86.Build.0 = Debug|Any CPU
		{F259E61C-0E88-4DD5-A10C-E4873D601BC6}.Debug|x86.Deploy.0 = Debug|Any CPU
		{F259E61C-0E88-4DD5-A10C-E4873D601BC6}.Release|Any CPU.ActiveCfg = Release|Any CPU
		{F259E61C-0E88-4DD5-A10C-E4873D601BC6}.Release|Any CPU.Build.0 = Release|Any CPU
		{F259E61C-0E88-4DD5-A10C-E4873D601BC6}.Release|ARM.ActiveCfg = Release|Any CPU
		{F259E61C-0E88-4DD5-A10C-E4873D601BC6}.Release|ARM.Build.0 = Release|Any CPU
		{F259E61C-0E88-4DD5-A10C-E4873D601BC6}.Release|ARM.Deploy.0 = Release|Any CPU
		{F259E61C-0E88-4DD5-A10C-E4873D601BC6}.Release|ARM64.ActiveCfg = Release|Any CPU
		{F259E61C-0E88-4DD5-A10C-E4873D601BC6}.Release|ARM64.Build.0 = Release|Any CPU
		{F259E61C-0E88-4DD5-A10C-E4873D601BC6}.Release|ARM64.Deploy.0 = Release|Any CPU
		{F259E61C-0E88-4DD5-A10C-E4873D601BC6}.Release|iPhone.ActiveCfg = Release|Any CPU
		{F259E61C-0E88-4DD5-A10C-E4873D601BC6}.Release|iPhone.Build.0 = Release|Any CPU
		{F259E61C-0E88-4DD5-A10C-E4873D601BC6}.Release|iPhoneSimulator.ActiveCfg = Release|Any CPU
		{F259E61C-0E88-4DD5-A10C-E4873D601BC6}.Release|iPhoneSimulator.Build.0 = Release|Any CPU
		{F259E61C-0E88-4DD5-A10C-E4873D601BC6}.Release|iPhoneSimulator.Deploy.0 = Release|Any CPU
		{F259E61C-0E88-4DD5-A10C-E4873D601BC6}.Release|x64.ActiveCfg = Release|Any CPU
		{F259E61C-0E88-4DD5-A10C-E4873D601BC6}.Release|x64.Build.0 = Release|Any CPU
		{F259E61C-0E88-4DD5-A10C-E4873D601BC6}.Release|x64.Deploy.0 = Release|Any CPU
		{F259E61C-0E88-4DD5-A10C-E4873D601BC6}.Release|x86.ActiveCfg = Release|Any CPU
		{F259E61C-0E88-4DD5-A10C-E4873D601BC6}.Release|x86.Build.0 = Release|Any CPU
		{F259E61C-0E88-4DD5-A10C-E4873D601BC6}.Release|x86.Deploy.0 = Release|Any CPU
		{6CF284A4-22B1-4F05-97F4-F095C07A598E}.Debug|Any CPU.ActiveCfg = Debug|Any CPU
		{6CF284A4-22B1-4F05-97F4-F095C07A598E}.Debug|Any CPU.Build.0 = Debug|Any CPU
		{6CF284A4-22B1-4F05-97F4-F095C07A598E}.Debug|ARM.ActiveCfg = Debug|Any CPU
		{6CF284A4-22B1-4F05-97F4-F095C07A598E}.Debug|ARM.Build.0 = Debug|Any CPU
		{6CF284A4-22B1-4F05-97F4-F095C07A598E}.Debug|ARM64.ActiveCfg = Debug|Any CPU
		{6CF284A4-22B1-4F05-97F4-F095C07A598E}.Debug|ARM64.Build.0 = Debug|Any CPU
		{6CF284A4-22B1-4F05-97F4-F095C07A598E}.Debug|iPhone.ActiveCfg = Debug|Any CPU
		{6CF284A4-22B1-4F05-97F4-F095C07A598E}.Debug|iPhone.Build.0 = Debug|Any CPU
		{6CF284A4-22B1-4F05-97F4-F095C07A598E}.Debug|iPhoneSimulator.ActiveCfg = Debug|Any CPU
		{6CF284A4-22B1-4F05-97F4-F095C07A598E}.Debug|iPhoneSimulator.Build.0 = Debug|Any CPU
		{6CF284A4-22B1-4F05-97F4-F095C07A598E}.Debug|x64.ActiveCfg = Debug|Any CPU
		{6CF284A4-22B1-4F05-97F4-F095C07A598E}.Debug|x64.Build.0 = Debug|Any CPU
		{6CF284A4-22B1-4F05-97F4-F095C07A598E}.Debug|x86.ActiveCfg = Debug|Any CPU
		{6CF284A4-22B1-4F05-97F4-F095C07A598E}.Debug|x86.Build.0 = Debug|Any CPU
		{6CF284A4-22B1-4F05-97F4-F095C07A598E}.Release|Any CPU.ActiveCfg = Release|Any CPU
		{6CF284A4-22B1-4F05-97F4-F095C07A598E}.Release|Any CPU.Build.0 = Release|Any CPU
		{6CF284A4-22B1-4F05-97F4-F095C07A598E}.Release|ARM.ActiveCfg = Release|Any CPU
		{6CF284A4-22B1-4F05-97F4-F095C07A598E}.Release|ARM.Build.0 = Release|Any CPU
		{6CF284A4-22B1-4F05-97F4-F095C07A598E}.Release|ARM64.ActiveCfg = Release|Any CPU
		{6CF284A4-22B1-4F05-97F4-F095C07A598E}.Release|ARM64.Build.0 = Release|Any CPU
		{6CF284A4-22B1-4F05-97F4-F095C07A598E}.Release|iPhone.ActiveCfg = Release|Any CPU
		{6CF284A4-22B1-4F05-97F4-F095C07A598E}.Release|iPhone.Build.0 = Release|Any CPU
		{6CF284A4-22B1-4F05-97F4-F095C07A598E}.Release|iPhoneSimulator.ActiveCfg = Release|Any CPU
		{6CF284A4-22B1-4F05-97F4-F095C07A598E}.Release|iPhoneSimulator.Build.0 = Release|Any CPU
		{6CF284A4-22B1-4F05-97F4-F095C07A598E}.Release|x64.ActiveCfg = Release|Any CPU
		{6CF284A4-22B1-4F05-97F4-F095C07A598E}.Release|x64.Build.0 = Release|Any CPU
		{6CF284A4-22B1-4F05-97F4-F095C07A598E}.Release|x86.ActiveCfg = Release|Any CPU
		{6CF284A4-22B1-4F05-97F4-F095C07A598E}.Release|x86.Build.0 = Release|Any CPU
		{1AA13270-F438-4864-9435-54FD806E10EA}.Debug|Any CPU.ActiveCfg = Debug|x86
		{1AA13270-F438-4864-9435-54FD806E10EA}.Debug|Any CPU.Build.0 = Debug|x86
		{1AA13270-F438-4864-9435-54FD806E10EA}.Debug|ARM.ActiveCfg = Debug|Any CPU
		{1AA13270-F438-4864-9435-54FD806E10EA}.Debug|ARM.Build.0 = Debug|Any CPU
		{1AA13270-F438-4864-9435-54FD806E10EA}.Debug|ARM64.ActiveCfg = Debug|x86
		{1AA13270-F438-4864-9435-54FD806E10EA}.Debug|ARM64.Build.0 = Debug|x86
		{1AA13270-F438-4864-9435-54FD806E10EA}.Debug|iPhone.ActiveCfg = Debug|Any CPU
		{1AA13270-F438-4864-9435-54FD806E10EA}.Debug|iPhone.Build.0 = Debug|Any CPU
		{1AA13270-F438-4864-9435-54FD806E10EA}.Debug|iPhoneSimulator.ActiveCfg = Debug|Any CPU
		{1AA13270-F438-4864-9435-54FD806E10EA}.Debug|iPhoneSimulator.Build.0 = Debug|Any CPU
		{1AA13270-F438-4864-9435-54FD806E10EA}.Debug|x64.ActiveCfg = Debug|x86
		{1AA13270-F438-4864-9435-54FD806E10EA}.Debug|x64.Build.0 = Debug|x86
		{1AA13270-F438-4864-9435-54FD806E10EA}.Debug|x86.ActiveCfg = Debug|x86
		{1AA13270-F438-4864-9435-54FD806E10EA}.Debug|x86.Build.0 = Debug|x86
		{1AA13270-F438-4864-9435-54FD806E10EA}.Release|Any CPU.ActiveCfg = Release|Any CPU
		{1AA13270-F438-4864-9435-54FD806E10EA}.Release|Any CPU.Build.0 = Release|Any CPU
		{1AA13270-F438-4864-9435-54FD806E10EA}.Release|ARM.ActiveCfg = Release|Any CPU
		{1AA13270-F438-4864-9435-54FD806E10EA}.Release|ARM.Build.0 = Release|Any CPU
		{1AA13270-F438-4864-9435-54FD806E10EA}.Release|ARM64.ActiveCfg = Release|x86
		{1AA13270-F438-4864-9435-54FD806E10EA}.Release|ARM64.Build.0 = Release|x86
		{1AA13270-F438-4864-9435-54FD806E10EA}.Release|iPhone.ActiveCfg = Release|Any CPU
		{1AA13270-F438-4864-9435-54FD806E10EA}.Release|iPhone.Build.0 = Release|Any CPU
		{1AA13270-F438-4864-9435-54FD806E10EA}.Release|iPhoneSimulator.ActiveCfg = Release|Any CPU
		{1AA13270-F438-4864-9435-54FD806E10EA}.Release|iPhoneSimulator.Build.0 = Release|Any CPU
		{1AA13270-F438-4864-9435-54FD806E10EA}.Release|x64.ActiveCfg = Release|x86
		{1AA13270-F438-4864-9435-54FD806E10EA}.Release|x64.Build.0 = Release|x86
		{1AA13270-F438-4864-9435-54FD806E10EA}.Release|x86.ActiveCfg = Release|x86
		{1AA13270-F438-4864-9435-54FD806E10EA}.Release|x86.Build.0 = Release|x86
		{AF02A1D7-4250-4852-A57B-C462F8AA85E0}.Debug|Any CPU.ActiveCfg = Debug|x86
		{AF02A1D7-4250-4852-A57B-C462F8AA85E0}.Debug|ARM.ActiveCfg = Debug|x86
		{AF02A1D7-4250-4852-A57B-C462F8AA85E0}.Debug|ARM64.ActiveCfg = Debug|arm64
		{AF02A1D7-4250-4852-A57B-C462F8AA85E0}.Debug|ARM64.Build.0 = Debug|arm64
		{AF02A1D7-4250-4852-A57B-C462F8AA85E0}.Debug|ARM64.Deploy.0 = Debug|arm64
		{AF02A1D7-4250-4852-A57B-C462F8AA85E0}.Debug|iPhone.ActiveCfg = Debug|x86
		{AF02A1D7-4250-4852-A57B-C462F8AA85E0}.Debug|iPhoneSimulator.ActiveCfg = Debug|x86
		{AF02A1D7-4250-4852-A57B-C462F8AA85E0}.Debug|x64.ActiveCfg = Debug|x64
		{AF02A1D7-4250-4852-A57B-C462F8AA85E0}.Debug|x64.Build.0 = Debug|x64
		{AF02A1D7-4250-4852-A57B-C462F8AA85E0}.Debug|x64.Deploy.0 = Debug|x64
		{AF02A1D7-4250-4852-A57B-C462F8AA85E0}.Debug|x86.ActiveCfg = Debug|x86
		{AF02A1D7-4250-4852-A57B-C462F8AA85E0}.Debug|x86.Build.0 = Debug|x86
		{AF02A1D7-4250-4852-A57B-C462F8AA85E0}.Debug|x86.Deploy.0 = Debug|x86
		{AF02A1D7-4250-4852-A57B-C462F8AA85E0}.Release|Any CPU.ActiveCfg = Release|x86
		{AF02A1D7-4250-4852-A57B-C462F8AA85E0}.Release|ARM.ActiveCfg = Release|x86
		{AF02A1D7-4250-4852-A57B-C462F8AA85E0}.Release|ARM64.ActiveCfg = Release|arm64
		{AF02A1D7-4250-4852-A57B-C462F8AA85E0}.Release|ARM64.Build.0 = Release|arm64
		{AF02A1D7-4250-4852-A57B-C462F8AA85E0}.Release|ARM64.Deploy.0 = Release|arm64
		{AF02A1D7-4250-4852-A57B-C462F8AA85E0}.Release|iPhone.ActiveCfg = Release|x86
		{AF02A1D7-4250-4852-A57B-C462F8AA85E0}.Release|iPhoneSimulator.ActiveCfg = Release|x86
		{AF02A1D7-4250-4852-A57B-C462F8AA85E0}.Release|x64.ActiveCfg = Release|x64
		{AF02A1D7-4250-4852-A57B-C462F8AA85E0}.Release|x64.Build.0 = Release|x64
		{AF02A1D7-4250-4852-A57B-C462F8AA85E0}.Release|x64.Deploy.0 = Release|x64
		{AF02A1D7-4250-4852-A57B-C462F8AA85E0}.Release|x86.ActiveCfg = Release|x86
		{AF02A1D7-4250-4852-A57B-C462F8AA85E0}.Release|x86.Build.0 = Release|x86
		{AF02A1D7-4250-4852-A57B-C462F8AA85E0}.Release|x86.Deploy.0 = Release|x86
	EndGlobalSection
	GlobalSection(SolutionProperties) = preSolution
		HideSolutionNode = FALSE
	EndGlobalSection
	GlobalSection(ExtensibilityGlobals) = postSolution
		SolutionGuid = {C7433AE2-B1A0-4C1A-887E-5CAA7AAF67A6}
	EndGlobalSection
EndGlobal
